PODS:
  - Realm (0.101.0):
    - Realm/Headers (= 0.101.0)
  - Realm/Headers (0.101.0)
  - RealmSwift (0.101.0):
    - Realm (= 0.101.0)
  - SCLAlertView (0.5.6)
  - SwiftDate (3.0.9)

DEPENDENCIES:
  - RealmSwift
  - SCLAlertView
  - SwiftDate (from `https://github.com/malcommac/SwiftDate.git`)

EXTERNAL SOURCES:
  SwiftDate:
    :git: https://github.com/malcommac/SwiftDate.git

CHECKOUT OPTIONS:
  SwiftDate:
    :commit: 0dd3a3c610f2147a92c834cb4bdb5d983dd5f37b
    :git: https://github.com/malcommac/SwiftDate.git

SPEC CHECKSUMS:
  Realm: b21596d6d7e1c054f6fae967d27263d2593ca309
  RealmSwift: 5247501bcd68b9db3a718cba808e1ce45ba67034
  SCLAlertView: c2b916952520d96cf5e886a38053f1b8c3da502e
  SwiftDate: fa487d9b7d8c3070ea2553486902494f4915465d

COCOAPODS: 0.39.0
