// !$*UTF8*$!
{
	archiveVersion = 1;
	classes = {
	};
	objectVersion = 46;
	objects = {

/* Begin PBXBuildFile section */
		1CDAC13B32EED1C3516A75FE /* Pods_MyLifeTime.framework in Frameworks */ = {isa = PBXBuildFile; fileRef = 817FC4B30B0A003E1CE7B538 /* Pods_MyLifeTime.framework */; };
		97FDC7471CD8A12F00692C30 /* AppDelegate.swift in Sources */ = {isa = PBXBuildFile; fileRef = 97FDC7461CD8A12F00692C30 /* AppDelegate.swift */; };
		97FDC7491CD8A12F00692C30 /* BaseViewController.swift in Sources */ = {isa = PBXBuildFile; fileRef = 97FDC7481CD8A12F00692C30 /* BaseViewController.swift */; };
		97FDC74C1CD8A12F00692C30 /* Main.storyboard in Resources */ = {isa = PBXBuildFile; fileRef = 97FDC74A1CD8A12F00692C30 /* Main.storyboard */; };
		97FDC74F1CD8A12F00692C30 /* MyLifeTime.xcdatamodeld in Sources */ = {isa = PBXBuildFile; fileRef = 97FDC74D1CD8A12F00692C30 /* MyLifeTime.xcdatamodeld */; };
		97FDC7511CD8A12F00692C30 /* Assets.xcassets in Resources */ = {isa = PBXBuildFile; fileRef = 97FDC7501CD8A12F00692C30 /* Assets.xcassets */; };
		97FDC7541CD8A12F00692C30 /* LaunchScreen.storyboard in Resources */ = {isa = PBXBuildFile; fileRef = 97FDC7521CD8A12F00692C30 /* LaunchScreen.storyboard */; };
		97FDC75F1CD8A12F00692C30 /* MyLifeTimeTests.swift in Sources */ = {isa = PBXBuildFile; fileRef = 97FDC75E1CD8A12F00692C30 /* MyLifeTimeTests.swift */; };
		97FDC76A1CD8A12F00692C30 /* MyLifeTimeUITests.swift in Sources */ = {isa = PBXBuildFile; fileRef = 97FDC7691CD8A12F00692C30 /* MyLifeTimeUITests.swift */; };
		97FDC7801CD8A45F00692C30 /* ShowViewContorller.swift in Sources */ = {isa = PBXBuildFile; fileRef = 97FDC77F1CD8A45F00692C30 /* ShowViewContorller.swift */; };
		97FDC7831CD8A4EB00692C30 /* CreateViewController.swift in Sources */ = {isa = PBXBuildFile; fileRef = 97FDC7821CD8A4EB00692C30 /* CreateViewController.swift */; };
		97FDC7861CD8A53400692C30 /* MltViewController.swift in Sources */ = {isa = PBXBuildFile; fileRef = 97FDC7851CD8A53400692C30 /* MltViewController.swift */; };
		97FDC7891CD8A59700692C30 /* EditViewController.swift in Sources */ = {isa = PBXBuildFile; fileRef = 97FDC7881CD8A59700692C30 /* EditViewController.swift */; };
		97FDC78E1CD8A61800692C30 /* Person.swift in Sources */ = {isa = PBXBuildFile; fileRef = 97FDC78D1CD8A61800692C30 /* Person.swift */; };
		97FDC7901CD8A66600692C30 /* Edit.storyboard in Resources */ = {isa = PBXBuildFile; fileRef = 97FDC78F1CD8A66600692C30 /* Edit.storyboard */; };
		97FDC7921CD8A67000692C30 /* Mlt.storyboard in Resources */ = {isa = PBXBuildFile; fileRef = 97FDC7911CD8A67000692C30 /* Mlt.storyboard */; };
		97FDC7941CD8A68900692C30 /* Person.storyboard in Resources */ = {isa = PBXBuildFile; fileRef = 97FDC7931CD8A68900692C30 /* Person.storyboard */; };
		97FDC7B41CD8AC6800692C30 /* AsyncButton.swift in Sources */ = {isa = PBXBuildFile; fileRef = 97FDC7961CD8AC6800692C30 /* AsyncButton.swift */; };
		97FDC7B51CD8AC6800692C30 /* AsyncImageView.swift in Sources */ = {isa = PBXBuildFile; fileRef = 97FDC7971CD8AC6800692C30 /* AsyncImageView.swift */; };
		97FDC7B61CD8AC6800692C30 /* AutoTextView.swift in Sources */ = {isa = PBXBuildFile; fileRef = 97FDC7981CD8AC6800692C30 /* AutoTextView.swift */; };
		97FDC7B71CD8AC6800692C30 /* BlurView.swift in Sources */ = {isa = PBXBuildFile; fileRef = 97FDC7991CD8AC6800692C30 /* BlurView.swift */; };
		97FDC7B81CD8AC6800692C30 /* DesignableButton.swift in Sources */ = {isa = PBXBuildFile; fileRef = 97FDC79A1CD8AC6800692C30 /* DesignableButton.swift */; };
		97FDC7B91CD8AC6800692C30 /* DesignableImageView.swift in Sources */ = {isa = PBXBuildFile; fileRef = 97FDC79B1CD8AC6800692C30 /* DesignableImageView.swift */; };
		97FDC7BA1CD8AC6800692C30 /* DesignableLabel.swift in Sources */ = {isa = PBXBuildFile; fileRef = 97FDC79C1CD8AC6800692C30 /* DesignableLabel.swift */; };
		97FDC7BB1CD8AC6800692C30 /* DesignableTabBarController.swift in Sources */ = {isa = PBXBuildFile; fileRef = 97FDC79D1CD8AC6800692C30 /* DesignableTabBarController.swift */; };
		97FDC7BC1CD8AC6800692C30 /* DesignableTextField.swift in Sources */ = {isa = PBXBuildFile; fileRef = 97FDC79E1CD8AC6800692C30 /* DesignableTextField.swift */; };
		97FDC7BD1CD8AC6800692C30 /* DesignableTextView.swift in Sources */ = {isa = PBXBuildFile; fileRef = 97FDC79F1CD8AC6800692C30 /* DesignableTextView.swift */; };
		97FDC7BE1CD8AC6800692C30 /* DesignableView.swift in Sources */ = {isa = PBXBuildFile; fileRef = 97FDC7A01CD8AC6800692C30 /* DesignableView.swift */; };
		97FDC7BF1CD8AC6800692C30 /* ImageLoader.swift in Sources */ = {isa = PBXBuildFile; fileRef = 97FDC7A11CD8AC6800692C30 /* ImageLoader.swift */; };
		97FDC7C01CD8AC6800692C30 /* Info.plist in Resources */ = {isa = PBXBuildFile; fileRef = 97FDC7A21CD8AC6800692C30 /* Info.plist */; };
		97FDC7C11CD8AC6800692C30 /* KeyboardLayoutConstraint.swift in Sources */ = {isa = PBXBuildFile; fileRef = 97FDC7A31CD8AC6800692C30 /* KeyboardLayoutConstraint.swift */; };
		97FDC7C21CD8AC6800692C30 /* LoadingView.swift in Sources */ = {isa = PBXBuildFile; fileRef = 97FDC7A41CD8AC6800692C30 /* LoadingView.swift */; };
		97FDC7C31CD8AC6800692C30 /* LoadingView.xib in Resources */ = {isa = PBXBuildFile; fileRef = 97FDC7A51CD8AC6800692C30 /* LoadingView.xib */; };
		97FDC7C41CD8AC6800692C30 /* Misc.swift in Sources */ = {isa = PBXBuildFile; fileRef = 97FDC7A61CD8AC6800692C30 /* Misc.swift */; };
		97FDC7C51CD8AC6800692C30 /* SoundPlayer.swift in Sources */ = {isa = PBXBuildFile; fileRef = 97FDC7A71CD8AC6800692C30 /* SoundPlayer.swift */; };
		97FDC7C61CD8AC6800692C30 /* Spring.swift in Sources */ = {isa = PBXBuildFile; fileRef = 97FDC7A91CD8AC6800692C30 /* Spring.swift */; };
		97FDC7C71CD8AC6800692C30 /* SpringAnimation.swift in Sources */ = {isa = PBXBuildFile; fileRef = 97FDC7AA1CD8AC6800692C30 /* SpringAnimation.swift */; };
		97FDC7C81CD8AC6800692C30 /* SpringButton.swift in Sources */ = {isa = PBXBuildFile; fileRef = 97FDC7AB1CD8AC6800692C30 /* SpringButton.swift */; };
		97FDC7C91CD8AC6800692C30 /* SpringImageView.swift in Sources */ = {isa = PBXBuildFile; fileRef = 97FDC7AC1CD8AC6800692C30 /* SpringImageView.swift */; };
		97FDC7CA1CD8AC6800692C30 /* SpringLabel.swift in Sources */ = {isa = PBXBuildFile; fileRef = 97FDC7AD1CD8AC6800692C30 /* SpringLabel.swift */; };
		97FDC7CB1CD8AC6800692C30 /* SpringTextField.swift in Sources */ = {isa = PBXBuildFile; fileRef = 97FDC7AE1CD8AC6800692C30 /* SpringTextField.swift */; };
		97FDC7CC1CD8AC6800692C30 /* SpringTextView.swift in Sources */ = {isa = PBXBuildFile; fileRef = 97FDC7AF1CD8AC6800692C30 /* SpringTextView.swift */; };
		97FDC7CD1CD8AC6800692C30 /* SpringView.swift in Sources */ = {isa = PBXBuildFile; fileRef = 97FDC7B01CD8AC6800692C30 /* SpringView.swift */; };
		97FDC7CE1CD8AC6800692C30 /* TransitionManager.swift in Sources */ = {isa = PBXBuildFile; fileRef = 97FDC7B11CD8AC6800692C30 /* TransitionManager.swift */; };
		97FDC7CF1CD8AC6800692C30 /* TransitionZoom.swift in Sources */ = {isa = PBXBuildFile; fileRef = 97FDC7B21CD8AC6800692C30 /* TransitionZoom.swift */; };
		97FDC7D01CD8AC6800692C30 /* UnwindSegue.swift in Sources */ = {isa = PBXBuildFile; fileRef = 97FDC7B31CD8AC6800692C30 /* UnwindSegue.swift */; };
		97FDC7E51CD8AC7E00692C30 /* Info.plist in Resources */ = {isa = PBXBuildFile; fileRef = 97FDC7D21CD8AC7E00692C30 /* Info.plist */; };
		97FDC7E61CD8AC7E00692C30 /* LTCharacterLimbo.swift in Sources */ = {isa = PBXBuildFile; fileRef = 97FDC7D31CD8AC7E00692C30 /* LTCharacterLimbo.swift */; };
		97FDC7E71CD8AC7E00692C30 /* LTEasing.swift in Sources */ = {isa = PBXBuildFile; fileRef = 97FDC7D41CD8AC7E00692C30 /* LTEasing.swift */; };
		97FDC7E81CD8AC7E00692C30 /* LTEmitterView.swift in Sources */ = {isa = PBXBuildFile; fileRef = 97FDC7D51CD8AC7E00692C30 /* LTEmitterView.swift */; };
		97FDC7E91CD8AC7E00692C30 /* LTMorphingEffect.swift in Sources */ = {isa = PBXBuildFile; fileRef = 97FDC7D61CD8AC7E00692C30 /* LTMorphingEffect.swift */; };
		97FDC7EA1CD8AC7E00692C30 /* LTMorphingLabel+Anvil.swift in Sources */ = {isa = PBXBuildFile; fileRef = 97FDC7D71CD8AC7E00692C30 /* LTMorphingLabel+Anvil.swift */; };
		97FDC7EB1CD8AC7E00692C30 /* LTMorphingLabel+Burn.swift in Sources */ = {isa = PBXBuildFile; fileRef = 97FDC7D81CD8AC7E00692C30 /* LTMorphingLabel+Burn.swift */; };
		97FDC7EC1CD8AC7E00692C30 /* LTMorphingLabel+Evaporate.swift in Sources */ = {isa = PBXBuildFile; fileRef = 97FDC7D91CD8AC7E00692C30 /* LTMorphingLabel+Evaporate.swift */; };
		97FDC7ED1CD8AC7E00692C30 /* LTMorphingLabel+Fall.swift in Sources */ = {isa = PBXBuildFile; fileRef = 97FDC7DA1CD8AC7E00692C30 /* LTMorphingLabel+Fall.swift */; };
		97FDC7EE1CD8AC7E00692C30 /* LTMorphingLabel+Pixelate.swift in Sources */ = {isa = PBXBuildFile; fileRef = 97FDC7DB1CD8AC7E00692C30 /* LTMorphingLabel+Pixelate.swift */; };
		97FDC7EF1CD8AC7E00692C30 /* LTMorphingLabel+Sparkle.swift in Sources */ = {isa = PBXBuildFile; fileRef = 97FDC7DC1CD8AC7E00692C30 /* LTMorphingLabel+Sparkle.swift */; };
		97FDC7F01CD8AC7E00692C30 /* LTMorphingLabel.swift in Sources */ = {isa = PBXBuildFile; fileRef = 97FDC7DE1CD8AC7E00692C30 /* LTMorphingLabel.swift */; };
		97FDC7F11CD8AC7E00692C30 /* NSString+LTMorphingLabel.swift in Sources */ = {isa = PBXBuildFile; fileRef = 97FDC7DF1CD8AC7E00692C30 /* NSString+LTMorphingLabel.swift */; };
		97FDC7F21CD8AC7E00692C30 /* Fire.png in Resources */ = {isa = PBXBuildFile; fileRef = 97FDC7E11CD8AC7E00692C30 /* Fire.png */; };
		97FDC7F31CD8AC7E00692C30 /* Fragment.png in Resources */ = {isa = PBXBuildFile; fileRef = 97FDC7E21CD8AC7E00692C30 /* Fragment.png */; };
		97FDC7F41CD8AC7E00692C30 /* Smoke.png in Resources */ = {isa = PBXBuildFile; fileRef = 97FDC7E31CD8AC7E00692C30 /* Smoke.png */; };
		97FDC7F51CD8AC7E00692C30 /* Sparkle.png in Resources */ = {isa = PBXBuildFile; fileRef = 97FDC7E41CD8AC7E00692C30 /* Sparkle.png */; };
		97FDC86D1CD8D15A00692C30 /* RAMBounceAnimation.swift in Sources */ = {isa = PBXBuildFile; fileRef = 97FDC8601CD8D15900692C30 /* RAMBounceAnimation.swift */; };
		97FDC86E1CD8D15A00692C30 /* RAMFrameItemAnimation.swift in Sources */ = {isa = PBXBuildFile; fileRef = 97FDC8621CD8D15900692C30 /* RAMFrameItemAnimation.swift */; };
		97FDC86F1CD8D15A00692C30 /* RAMFumeAnimation.swift in Sources */ = {isa = PBXBuildFile; fileRef = 97FDC8641CD8D15900692C30 /* RAMFumeAnimation.swift */; };
		97FDC8701CD8D15A00692C30 /* RAMRotationAnimation.swift in Sources */ = {isa = PBXBuildFile; fileRef = 97FDC8661CD8D15900692C30 /* RAMRotationAnimation.swift */; };
		97FDC8711CD8D15A00692C30 /* RAMTransitionItemAnimations.swift in Sources */ = {isa = PBXBuildFile; fileRef = 97FDC8681CD8D15A00692C30 /* RAMTransitionItemAnimations.swift */; };
		97FDC8721CD8D15A00692C30 /* RAMAnimatedTabBarController.swift in Sources */ = {isa = PBXBuildFile; fileRef = 97FDC8691CD8D15A00692C30 /* RAMAnimatedTabBarController.swift */; };
		97FDC8731CD8D15A00692C30 /* RAMBadge.swift in Sources */ = {isa = PBXBuildFile; fileRef = 97FDC86B1CD8D15A00692C30 /* RAMBadge.swift */; };
		97FDC8741CD8D15A00692C30 /* RAMItemAnimationProtocol.swift in Sources */ = {isa = PBXBuildFile; fileRef = 97FDC86C1CD8D15A00692C30 /* RAMItemAnimationProtocol.swift */; };
		B9C0FB6F44A2164637D671C4 /* Pods_MyLifeTimeTests.framework in Frameworks */ = {isa = PBXBuildFile; fileRef = 0DC4A59D09436590FC197979 /* Pods_MyLifeTimeTests.framework */; };
		E91639A1491EF824F8DBB585 /* Pods_MyLifeTimeUITests.framework in Frameworks */ = {isa = PBXBuildFile; fileRef = 9FEB576117B0ECE29BABFBF2 /* Pods_MyLifeTimeUITests.framework */; };
/* End PBXBuildFile section */

/* Begin PBXContainerItemProxy section */
		97FDC75B1CD8A12F00692C30 /* PBXContainerItemProxy */ = {
			isa = PBXContainerItemProxy;
			containerPortal = 97FDC73B1CD8A12F00692C30 /* Project object */;
			proxyType = 1;
			remoteGlobalIDString = 97FDC7421CD8A12F00692C30;
			remoteInfo = MyLifeTime;
		};
		97FDC7661CD8A12F00692C30 /* PBXContainerItemProxy */ = {
			isa = PBXContainerItemProxy;
			containerPortal = 97FDC73B1CD8A12F00692C30 /* Project object */;
			proxyType = 1;
			remoteGlobalIDString = 97FDC7421CD8A12F00692C30;
			remoteInfo = MyLifeTime;
		};
/* End PBXContainerItemProxy section */

/* Begin PBXFileReference section */
		0DC4A59D09436590FC197979 /* Pods_MyLifeTimeTests.framework */ = {isa = PBXFileReference; explicitFileType = wrapper.framework; includeInIndex = 0; path = Pods_MyLifeTimeTests.framework; sourceTree = BUILT_PRODUCTS_DIR; };
		6B40C50E2A2B6662374E855C /* Pods-MyLifeTimeTests.release.xcconfig */ = {isa = PBXFileReference; includeInIndex = 1; lastKnownFileType = text.xcconfig; name = "Pods-MyLifeTimeTests.release.xcconfig"; path = "Pods/Target Support Files/Pods-MyLifeTimeTests/Pods-MyLifeTimeTests.release.xcconfig"; sourceTree = "<group>"; };
		817FC4B30B0A003E1CE7B538 /* Pods_MyLifeTime.framework */ = {isa = PBXFileReference; explicitFileType = wrapper.framework; includeInIndex = 0; path = Pods_MyLifeTime.framework; sourceTree = BUILT_PRODUCTS_DIR; };
		8B22080FF8FB9A63CBADCAA5 /* Pods-MyLifeTimeUITests.release.xcconfig */ = {isa = PBXFileReference; includeInIndex = 1; lastKnownFileType = text.xcconfig; name = "Pods-MyLifeTimeUITests.release.xcconfig"; path = "Pods/Target Support Files/Pods-MyLifeTimeUITests/Pods-MyLifeTimeUITests.release.xcconfig"; sourceTree = "<group>"; };
		97FDC7431CD8A12F00692C30 /* MyLifeTime.app */ = {isa = PBXFileReference; explicitFileType = wrapper.application; includeInIndex = 0; path = MyLifeTime.app; sourceTree = BUILT_PRODUCTS_DIR; };
		97FDC7461CD8A12F00692C30 /* AppDelegate.swift */ = {isa = PBXFileReference; lastKnownFileType = sourcecode.swift; path = AppDelegate.swift; sourceTree = "<group>"; };
		97FDC7481CD8A12F00692C30 /* BaseViewController.swift */ = {isa = PBXFileReference; lastKnownFileType = sourcecode.swift; path = BaseViewController.swift; sourceTree = "<group>"; };
		97FDC74B1CD8A12F00692C30 /* Base */ = {isa = PBXFileReference; lastKnownFileType = file.storyboard; name = Base; path = Base.lproj/Main.storyboard; sourceTree = "<group>"; };
		97FDC74E1CD8A12F00692C30 /* MyLifeTime.xcdatamodel */ = {isa = PBXFileReference; lastKnownFileType = wrapper.xcdatamodel; path = MyLifeTime.xcdatamodel; sourceTree = "<group>"; };
		97FDC7501CD8A12F00692C30 /* Assets.xcassets */ = {isa = PBXFileReference; lastKnownFileType = folder.assetcatalog; path = Assets.xcassets; sourceTree = "<group>"; };
		97FDC7531CD8A12F00692C30 /* Base */ = {isa = PBXFileReference; lastKnownFileType = file.storyboard; name = Base; path = Base.lproj/LaunchScreen.storyboard; sourceTree = "<group>"; };
		97FDC7551CD8A12F00692C30 /* Info.plist */ = {isa = PBXFileReference; lastKnownFileType = text.plist.xml; path = Info.plist; sourceTree = "<group>"; };
		97FDC75A1CD8A12F00692C30 /* MyLifeTimeTests.xctest */ = {isa = PBXFileReference; explicitFileType = wrapper.cfbundle; includeInIndex = 0; path = MyLifeTimeTests.xctest; sourceTree = BUILT_PRODUCTS_DIR; };
		97FDC75E1CD8A12F00692C30 /* MyLifeTimeTests.swift */ = {isa = PBXFileReference; lastKnownFileType = sourcecode.swift; path = MyLifeTimeTests.swift; sourceTree = "<group>"; };
		97FDC7601CD8A12F00692C30 /* Info.plist */ = {isa = PBXFileReference; lastKnownFileType = text.plist.xml; path = Info.plist; sourceTree = "<group>"; };
		97FDC7651CD8A12F00692C30 /* MyLifeTimeUITests.xctest */ = {isa = PBXFileReference; explicitFileType = wrapper.cfbundle; includeInIndex = 0; path = MyLifeTimeUITests.xctest; sourceTree = BUILT_PRODUCTS_DIR; };
		97FDC7691CD8A12F00692C30 /* MyLifeTimeUITests.swift */ = {isa = PBXFileReference; lastKnownFileType = sourcecode.swift; path = MyLifeTimeUITests.swift; sourceTree = "<group>"; };
		97FDC76B1CD8A12F00692C30 /* Info.plist */ = {isa = PBXFileReference; lastKnownFileType = text.plist.xml; path = Info.plist; sourceTree = "<group>"; };
		97FDC77F1CD8A45F00692C30 /* ShowViewContorller.swift */ = {isa = PBXFileReference; fileEncoding = 4; lastKnownFileType = sourcecode.swift; path = ShowViewContorller.swift; sourceTree = "<group>"; };
		97FDC7821CD8A4EB00692C30 /* CreateViewController.swift */ = {isa = PBXFileReference; fileEncoding = 4; lastKnownFileType = sourcecode.swift; path = CreateViewController.swift; sourceTree = "<group>"; };
		97FDC7851CD8A53400692C30 /* MltViewController.swift */ = {isa = PBXFileReference; fileEncoding = 4; lastKnownFileType = sourcecode.swift; path = MltViewController.swift; sourceTree = "<group>"; };
		97FDC7881CD8A59700692C30 /* EditViewController.swift */ = {isa = PBXFileReference; fileEncoding = 4; lastKnownFileType = sourcecode.swift; path = EditViewController.swift; sourceTree = "<group>"; };
		97FDC78D1CD8A61800692C30 /* Person.swift */ = {isa = PBXFileReference; fileEncoding = 4; lastKnownFileType = sourcecode.swift; path = Person.swift; sourceTree = "<group>"; };
		97FDC78F1CD8A66600692C30 /* Edit.storyboard */ = {isa = PBXFileReference; fileEncoding = 4; lastKnownFileType = file.storyboard; path = Edit.storyboard; sourceTree = "<group>"; };
		97FDC7911CD8A67000692C30 /* Mlt.storyboard */ = {isa = PBXFileReference; fileEncoding = 4; lastKnownFileType = file.storyboard; path = Mlt.storyboard; sourceTree = "<group>"; };
		97FDC7931CD8A68900692C30 /* Person.storyboard */ = {isa = PBXFileReference; fileEncoding = 4; lastKnownFileType = file.storyboard; path = Person.storyboard; sourceTree = "<group>"; };
		97FDC7961CD8AC6800692C30 /* AsyncButton.swift */ = {isa = PBXFileReference; fileEncoding = 4; lastKnownFileType = sourcecode.swift; path = AsyncButton.swift; sourceTree = "<group>"; };
		97FDC7971CD8AC6800692C30 /* AsyncImageView.swift */ = {isa = PBXFileReference; fileEncoding = 4; lastKnownFileType = sourcecode.swift; path = AsyncImageView.swift; sourceTree = "<group>"; };
		97FDC7981CD8AC6800692C30 /* AutoTextView.swift */ = {isa = PBXFileReference; fileEncoding = 4; lastKnownFileType = sourcecode.swift; path = AutoTextView.swift; sourceTree = "<group>"; };
		97FDC7991CD8AC6800692C30 /* BlurView.swift */ = {isa = PBXFileReference; fileEncoding = 4; lastKnownFileType = sourcecode.swift; path = BlurView.swift; sourceTree = "<group>"; };
		97FDC79A1CD8AC6800692C30 /* DesignableButton.swift */ = {isa = PBXFileReference; fileEncoding = 4; lastKnownFileType = sourcecode.swift; path = DesignableButton.swift; sourceTree = "<group>"; };
		97FDC79B1CD8AC6800692C30 /* DesignableImageView.swift */ = {isa = PBXFileReference; fileEncoding = 4; lastKnownFileType = sourcecode.swift; path = DesignableImageView.swift; sourceTree = "<group>"; };
		97FDC79C1CD8AC6800692C30 /* DesignableLabel.swift */ = {isa = PBXFileReference; fileEncoding = 4; lastKnownFileType = sourcecode.swift; path = DesignableLabel.swift; sourceTree = "<group>"; };
		97FDC79D1CD8AC6800692C30 /* DesignableTabBarController.swift */ = {isa = PBXFileReference; fileEncoding = 4; lastKnownFileType = sourcecode.swift; path = DesignableTabBarController.swift; sourceTree = "<group>"; };
		97FDC79E1CD8AC6800692C30 /* DesignableTextField.swift */ = {isa = PBXFileReference; fileEncoding = 4; lastKnownFileType = sourcecode.swift; path = DesignableTextField.swift; sourceTree = "<group>"; };
		97FDC79F1CD8AC6800692C30 /* DesignableTextView.swift */ = {isa = PBXFileReference; fileEncoding = 4; lastKnownFileType = sourcecode.swift; path = DesignableTextView.swift; sourceTree = "<group>"; };
		97FDC7A01CD8AC6800692C30 /* DesignableView.swift */ = {isa = PBXFileReference; fileEncoding = 4; lastKnownFileType = sourcecode.swift; path = DesignableView.swift; sourceTree = "<group>"; };
		97FDC7A11CD8AC6800692C30 /* ImageLoader.swift */ = {isa = PBXFileReference; fileEncoding = 4; lastKnownFileType = sourcecode.swift; path = ImageLoader.swift; sourceTree = "<group>"; };
		97FDC7A21CD8AC6800692C30 /* Info.plist */ = {isa = PBXFileReference; fileEncoding = 4; lastKnownFileType = text.plist.xml; path = Info.plist; sourceTree = "<group>"; };
		97FDC7A31CD8AC6800692C30 /* KeyboardLayoutConstraint.swift */ = {isa = PBXFileReference; fileEncoding = 4; lastKnownFileType = sourcecode.swift; path = KeyboardLayoutConstraint.swift; sourceTree = "<group>"; };
		97FDC7A41CD8AC6800692C30 /* LoadingView.swift */ = {isa = PBXFileReference; fileEncoding = 4; lastKnownFileType = sourcecode.swift; path = LoadingView.swift; sourceTree = "<group>"; };
		97FDC7A51CD8AC6800692C30 /* LoadingView.xib */ = {isa = PBXFileReference; fileEncoding = 4; lastKnownFileType = file.xib; path = LoadingView.xib; sourceTree = "<group>"; };
		97FDC7A61CD8AC6800692C30 /* Misc.swift */ = {isa = PBXFileReference; fileEncoding = 4; lastKnownFileType = sourcecode.swift; path = Misc.swift; sourceTree = "<group>"; };
		97FDC7A71CD8AC6800692C30 /* SoundPlayer.swift */ = {isa = PBXFileReference; fileEncoding = 4; lastKnownFileType = sourcecode.swift; path = SoundPlayer.swift; sourceTree = "<group>"; };
		97FDC7A81CD8AC6800692C30 /* Spring.h */ = {isa = PBXFileReference; fileEncoding = 4; lastKnownFileType = sourcecode.c.h; path = Spring.h; sourceTree = "<group>"; };
		97FDC7A91CD8AC6800692C30 /* Spring.swift */ = {isa = PBXFileReference; fileEncoding = 4; lastKnownFileType = sourcecode.swift; path = Spring.swift; sourceTree = "<group>"; };
		97FDC7AA1CD8AC6800692C30 /* SpringAnimation.swift */ = {isa = PBXFileReference; fileEncoding = 4; lastKnownFileType = sourcecode.swift; path = SpringAnimation.swift; sourceTree = "<group>"; };
		97FDC7AB1CD8AC6800692C30 /* SpringButton.swift */ = {isa = PBXFileReference; fileEncoding = 4; lastKnownFileType = sourcecode.swift; path = SpringButton.swift; sourceTree = "<group>"; };
		97FDC7AC1CD8AC6800692C30 /* SpringImageView.swift */ = {isa = PBXFileReference; fileEncoding = 4; lastKnownFileType = sourcecode.swift; path = SpringImageView.swift; sourceTree = "<group>"; };
		97FDC7AD1CD8AC6800692C30 /* SpringLabel.swift */ = {isa = PBXFileReference; fileEncoding = 4; lastKnownFileType = sourcecode.swift; path = SpringLabel.swift; sourceTree = "<group>"; };
		97FDC7AE1CD8AC6800692C30 /* SpringTextField.swift */ = {isa = PBXFileReference; fileEncoding = 4; lastKnownFileType = sourcecode.swift; path = SpringTextField.swift; sourceTree = "<group>"; };
		97FDC7AF1CD8AC6800692C30 /* SpringTextView.swift */ = {isa = PBXFileReference; fileEncoding = 4; lastKnownFileType = sourcecode.swift; path = SpringTextView.swift; sourceTree = "<group>"; };
		97FDC7B01CD8AC6800692C30 /* SpringView.swift */ = {isa = PBXFileReference; fileEncoding = 4; lastKnownFileType = sourcecode.swift; path = SpringView.swift; sourceTree = "<group>"; };
		97FDC7B11CD8AC6800692C30 /* TransitionManager.swift */ = {isa = PBXFileReference; fileEncoding = 4; lastKnownFileType = sourcecode.swift; path = TransitionManager.swift; sourceTree = "<group>"; };
		97FDC7B21CD8AC6800692C30 /* TransitionZoom.swift */ = {isa = PBXFileReference; fileEncoding = 4; lastKnownFileType = sourcecode.swift; path = TransitionZoom.swift; sourceTree = "<group>"; };
		97FDC7B31CD8AC6800692C30 /* UnwindSegue.swift */ = {isa = PBXFileReference; fileEncoding = 4; lastKnownFileType = sourcecode.swift; path = UnwindSegue.swift; sourceTree = "<group>"; };
		97FDC7D21CD8AC7E00692C30 /* Info.plist */ = {isa = PBXFileReference; fileEncoding = 4; lastKnownFileType = text.plist.xml; path = Info.plist; sourceTree = "<group>"; };
		97FDC7D31CD8AC7E00692C30 /* LTCharacterLimbo.swift */ = {isa = PBXFileReference; fileEncoding = 4; lastKnownFileType = sourcecode.swift; path = LTCharacterLimbo.swift; sourceTree = "<group>"; };
		97FDC7D41CD8AC7E00692C30 /* LTEasing.swift */ = {isa = PBXFileReference; fileEncoding = 4; lastKnownFileType = sourcecode.swift; path = LTEasing.swift; sourceTree = "<group>"; };
		97FDC7D51CD8AC7E00692C30 /* LTEmitterView.swift */ = {isa = PBXFileReference; fileEncoding = 4; lastKnownFileType = sourcecode.swift; path = LTEmitterView.swift; sourceTree = "<group>"; };
		97FDC7D61CD8AC7E00692C30 /* LTMorphingEffect.swift */ = {isa = PBXFileReference; fileEncoding = 4; lastKnownFileType = sourcecode.swift; path = LTMorphingEffect.swift; sourceTree = "<group>"; };
		97FDC7D71CD8AC7E00692C30 /* LTMorphingLabel+Anvil.swift */ = {isa = PBXFileReference; fileEncoding = 4; lastKnownFileType = sourcecode.swift; path = "LTMorphingLabel+Anvil.swift"; sourceTree = "<group>"; };
		97FDC7D81CD8AC7E00692C30 /* LTMorphingLabel+Burn.swift */ = {isa = PBXFileReference; fileEncoding = 4; lastKnownFileType = sourcecode.swift; path = "LTMorphingLabel+Burn.swift"; sourceTree = "<group>"; };
		97FDC7D91CD8AC7E00692C30 /* LTMorphingLabel+Evaporate.swift */ = {isa = PBXFileReference; fileEncoding = 4; lastKnownFileType = sourcecode.swift; path = "LTMorphingLabel+Evaporate.swift"; sourceTree = "<group>"; };
		97FDC7DA1CD8AC7E00692C30 /* LTMorphingLabel+Fall.swift */ = {isa = PBXFileReference; fileEncoding = 4; lastKnownFileType = sourcecode.swift; path = "LTMorphingLabel+Fall.swift"; sourceTree = "<group>"; };
		97FDC7DB1CD8AC7E00692C30 /* LTMorphingLabel+Pixelate.swift */ = {isa = PBXFileReference; fileEncoding = 4; lastKnownFileType = sourcecode.swift; path = "LTMorphingLabel+Pixelate.swift"; sourceTree = "<group>"; };
		97FDC7DC1CD8AC7E00692C30 /* LTMorphingLabel+Sparkle.swift */ = {isa = PBXFileReference; fileEncoding = 4; lastKnownFileType = sourcecode.swift; path = "LTMorphingLabel+Sparkle.swift"; sourceTree = "<group>"; };
		97FDC7DD1CD8AC7E00692C30 /* LTMorphingLabel.h */ = {isa = PBXFileReference; fileEncoding = 4; lastKnownFileType = sourcecode.c.h; path = LTMorphingLabel.h; sourceTree = "<group>"; };
		97FDC7DE1CD8AC7E00692C30 /* LTMorphingLabel.swift */ = {isa = PBXFileReference; fileEncoding = 4; lastKnownFileType = sourcecode.swift; path = LTMorphingLabel.swift; sourceTree = "<group>"; };
		97FDC7DF1CD8AC7E00692C30 /* NSString+LTMorphingLabel.swift */ = {isa = PBXFileReference; fileEncoding = 4; lastKnownFileType = sourcecode.swift; path = "NSString+LTMorphingLabel.swift"; sourceTree = "<group>"; };
		97FDC7E11CD8AC7E00692C30 /* Fire.png */ = {isa = PBXFileReference; lastKnownFileType = image.png; path = Fire.png; sourceTree = "<group>"; };
		97FDC7E21CD8AC7E00692C30 /* Fragment.png */ = {isa = PBXFileReference; lastKnownFileType = image.png; path = Fragment.png; sourceTree = "<group>"; };
		97FDC7E31CD8AC7E00692C30 /* Smoke.png */ = {isa = PBXFileReference; lastKnownFileType = image.png; path = Smoke.png; sourceTree = "<group>"; };
		97FDC7E41CD8AC7E00692C30 /* Sparkle.png */ = {isa = PBXFileReference; lastKnownFileType = image.png; path = Sparkle.png; sourceTree = "<group>"; };
		97FDC8601CD8D15900692C30 /* RAMBounceAnimation.swift */ = {isa = PBXFileReference; fileEncoding = 4; lastKnownFileType = sourcecode.swift; path = RAMBounceAnimation.swift; sourceTree = "<group>"; };
		97FDC8621CD8D15900692C30 /* RAMFrameItemAnimation.swift */ = {isa = PBXFileReference; fileEncoding = 4; lastKnownFileType = sourcecode.swift; path = RAMFrameItemAnimation.swift; sourceTree = "<group>"; };
		97FDC8641CD8D15900692C30 /* RAMFumeAnimation.swift */ = {isa = PBXFileReference; fileEncoding = 4; lastKnownFileType = sourcecode.swift; path = RAMFumeAnimation.swift; sourceTree = "<group>"; };
		97FDC8661CD8D15900692C30 /* RAMRotationAnimation.swift */ = {isa = PBXFileReference; fileEncoding = 4; lastKnownFileType = sourcecode.swift; path = RAMRotationAnimation.swift; sourceTree = "<group>"; };
		97FDC8681CD8D15A00692C30 /* RAMTransitionItemAnimations.swift */ = {isa = PBXFileReference; fileEncoding = 4; lastKnownFileType = sourcecode.swift; path = RAMTransitionItemAnimations.swift; sourceTree = "<group>"; };
		97FDC8691CD8D15A00692C30 /* RAMAnimatedTabBarController.swift */ = {isa = PBXFileReference; fileEncoding = 4; lastKnownFileType = sourcecode.swift; path = RAMAnimatedTabBarController.swift; sourceTree = "<group>"; };
		97FDC86B1CD8D15A00692C30 /* RAMBadge.swift */ = {isa = PBXFileReference; fileEncoding = 4; lastKnownFileType = sourcecode.swift; path = RAMBadge.swift; sourceTree = "<group>"; };
		97FDC86C1CD8D15A00692C30 /* RAMItemAnimationProtocol.swift */ = {isa = PBXFileReference; fileEncoding = 4; lastKnownFileType = sourcecode.swift; path = RAMItemAnimationProtocol.swift; sourceTree = "<group>"; };
		9FEB576117B0ECE29BABFBF2 /* Pods_MyLifeTimeUITests.framework */ = {isa = PBXFileReference; explicitFileType = wrapper.framework; includeInIndex = 0; path = Pods_MyLifeTimeUITests.framework; sourceTree = BUILT_PRODUCTS_DIR; };
		A6DE4B8B208D5E7F4B97279C /* Pods-MyLifeTime.release.xcconfig */ = {isa = PBXFileReference; includeInIndex = 1; lastKnownFileType = text.xcconfig; name = "Pods-MyLifeTime.release.xcconfig"; path = "Pods/Target Support Files/Pods-MyLifeTime/Pods-MyLifeTime.release.xcconfig"; sourceTree = "<group>"; };
		C06ECDEA6517FA38FF02C716 /* Pods-MyLifeTimeUITests.debug.xcconfig */ = {isa = PBXFileReference; includeInIndex = 1; lastKnownFileType = text.xcconfig; name = "Pods-MyLifeTimeUITests.debug.xcconfig"; path = "Pods/Target Support Files/Pods-MyLifeTimeUITests/Pods-MyLifeTimeUITests.debug.xcconfig"; sourceTree = "<group>"; };
		CC7C9FFA757206718E6ED84D /* Pods-MyLifeTime.debug.xcconfig */ = {isa = PBXFileReference; includeInIndex = 1; lastKnownFileType = text.xcconfig; name = "Pods-MyLifeTime.debug.xcconfig"; path = "Pods/Target Support Files/Pods-MyLifeTime/Pods-MyLifeTime.debug.xcconfig"; sourceTree = "<group>"; };
		F7CACABC408C626B86378AC6 /* Pods-MyLifeTimeTests.debug.xcconfig */ = {isa = PBXFileReference; includeInIndex = 1; lastKnownFileType = text.xcconfig; name = "Pods-MyLifeTimeTests.debug.xcconfig"; path = "Pods/Target Support Files/Pods-MyLifeTimeTests/Pods-MyLifeTimeTests.debug.xcconfig"; sourceTree = "<group>"; };
/* End PBXFileReference section */

/* Begin PBXFrameworksBuildPhase section */
		97FDC7401CD8A12F00692C30 /* Frameworks */ = {
			isa = PBXFrameworksBuildPhase;
			buildActionMask = 2147483647;
			files = (
				1CDAC13B32EED1C3516A75FE /* Pods_MyLifeTime.framework in Frameworks */,
			);
			runOnlyForDeploymentPostprocessing = 0;
		};
		97FDC7571CD8A12F00692C30 /* Frameworks */ = {
			isa = PBXFrameworksBuildPhase;
			buildActionMask = 2147483647;
			files = (
				B9C0FB6F44A2164637D671C4 /* Pods_MyLifeTimeTests.framework in Frameworks */,
			);
			runOnlyForDeploymentPostprocessing = 0;
		};
		97FDC7621CD8A12F00692C30 /* Frameworks */ = {
			isa = PBXFrameworksBuildPhase;
			buildActionMask = 2147483647;
			files = (
				E91639A1491EF824F8DBB585 /* Pods_MyLifeTimeUITests.framework in Frameworks */,
			);
			runOnlyForDeploymentPostprocessing = 0;
		};
/* End PBXFrameworksBuildPhase section */

/* Begin PBXGroup section */
		97FDC73A1CD8A12F00692C30 = {
			isa = PBXGroup;
			children = (
				97FDC85D1CD8D15900692C30 /* RAMAnimatedTabBarController */,
				97FDC7951CD8AC6800692C30 /* Spring */,
				97FDC7D11CD8AC7E00692C30 /* LTMorphingLabel */,
				97FDC7451CD8A12F00692C30 /* MyLifeTime */,
				97FDC75D1CD8A12F00692C30 /* MyLifeTimeTests */,
				97FDC7681CD8A12F00692C30 /* MyLifeTimeUITests */,
				97FDC7441CD8A12F00692C30 /* Products */,
				CC8D90F3E6127C56A18CBAF1 /* Pods */,
				BC4E25125C3C13D7416A4FCC /* Frameworks */,
			);
			sourceTree = "<group>";
		};
		97FDC7441CD8A12F00692C30 /* Products */ = {
			isa = PBXGroup;
			children = (
				97FDC7431CD8A12F00692C30 /* MyLifeTime.app */,
				97FDC75A1CD8A12F00692C30 /* MyLifeTimeTests.xctest */,
				97FDC7651CD8A12F00692C30 /* MyLifeTimeUITests.xctest */,
			);
			name = Products;
			sourceTree = "<group>";
		};
		97FDC7451CD8A12F00692C30 /* MyLifeTime */ = {
			isa = PBXGroup;
			children = (
				97FDC7791CD8A1C300692C30 /* Controller */,
				97FDC77B1CD8A1D500692C30 /* Entity */,
				97FDC77A1CD8A1D100692C30 /* View */,
				97FDC7501CD8A12F00692C30 /* Assets.xcassets */,
				97FDC7551CD8A12F00692C30 /* Info.plist */,
				97FDC74D1CD8A12F00692C30 /* MyLifeTime.xcdatamodeld */,
			);
			path = MyLifeTime;
			sourceTree = "<group>";
		};
		97FDC75D1CD8A12F00692C30 /* MyLifeTimeTests */ = {
			isa = PBXGroup;
			children = (
				97FDC7601CD8A12F00692C30 /* Info.plist */,
				97FDC75E1CD8A12F00692C30 /* MyLifeTimeTests.swift */,
			);
			path = MyLifeTimeTests;
			sourceTree = "<group>";
		};
		97FDC7681CD8A12F00692C30 /* MyLifeTimeUITests */ = {
			isa = PBXGroup;
			children = (
				97FDC76B1CD8A12F00692C30 /* Info.plist */,
				97FDC7691CD8A12F00692C30 /* MyLifeTimeUITests.swift */,
			);
			path = MyLifeTimeUITests;
			sourceTree = "<group>";
		};
		97FDC7791CD8A1C300692C30 /* Controller */ = {
			isa = PBXGroup;
			children = (
				97FDC77E1CD8A37400692C30 /* Base */,
				97FDC7871CD8A56800692C30 /* Edit */,
				97FDC7841CD8A51E00692C30 /* Mlt */,
				97FDC7811CD8A4D200692C30 /* Person */,
			);
			path = Controller;
			sourceTree = "<group>";
		};
		97FDC77A1CD8A1D100692C30 /* View */ = {
			isa = PBXGroup;
			children = (
				97FDC77D1CD8A36D00692C30 /* Base */,
				97FDC78C1CD8A60200692C30 /* Edit */,
				97FDC78B1CD8A5F400692C30 /* Mlt */,
				97FDC78A1CD8A5ED00692C30 /* Person */,
			);
			path = View;
			sourceTree = "<group>";
		};
		97FDC77B1CD8A1D500692C30 /* Entity */ = {
			isa = PBXGroup;
			children = (
				97FDC78D1CD8A61800692C30 /* Person.swift */,
			);
			path = Entity;
			sourceTree = "<group>";
		};
		97FDC77D1CD8A36D00692C30 /* Base */ = {
			isa = PBXGroup;
			children = (
				97FDC7521CD8A12F00692C30 /* LaunchScreen.storyboard */,
				97FDC74A1CD8A12F00692C30 /* Main.storyboard */,
			);
			path = Base;
			sourceTree = "<group>";
		};
		97FDC77E1CD8A37400692C30 /* Base */ = {
			isa = PBXGroup;
			children = (
				97FDC7461CD8A12F00692C30 /* AppDelegate.swift */,
				97FDC7481CD8A12F00692C30 /* BaseViewController.swift */,
			);
			path = Base;
			sourceTree = "<group>";
		};
		97FDC7811CD8A4D200692C30 /* Person */ = {
			isa = PBXGroup;
			children = (
				97FDC7821CD8A4EB00692C30 /* CreateViewController.swift */,
				97FDC77F1CD8A45F00692C30 /* ShowViewContorller.swift */,
			);
			path = Person;
			sourceTree = "<group>";
		};
		97FDC7841CD8A51E00692C30 /* Mlt */ = {
			isa = PBXGroup;
			children = (
				97FDC7851CD8A53400692C30 /* MltViewController.swift */,
			);
			path = Mlt;
			sourceTree = "<group>";
		};
		97FDC7871CD8A56800692C30 /* Edit */ = {
			isa = PBXGroup;
			children = (
				97FDC7881CD8A59700692C30 /* EditViewController.swift */,
			);
			path = Edit;
			sourceTree = "<group>";
		};
		97FDC78A1CD8A5ED00692C30 /* Person */ = {
			isa = PBXGroup;
			children = (
				97FDC7931CD8A68900692C30 /* Person.storyboard */,
			);
			path = Person;
			sourceTree = "<group>";
		};
		97FDC78B1CD8A5F400692C30 /* Mlt */ = {
			isa = PBXGroup;
			children = (
				97FDC7911CD8A67000692C30 /* Mlt.storyboard */,
			);
			path = Mlt;
			sourceTree = "<group>";
		};
		97FDC78C1CD8A60200692C30 /* Edit */ = {
			isa = PBXGroup;
			children = (
				97FDC78F1CD8A66600692C30 /* Edit.storyboard */,
			);
			path = Edit;
			sourceTree = "<group>";
		};
		97FDC7951CD8AC6800692C30 /* Spring */ = {
			isa = PBXGroup;
			children = (
				97FDC7961CD8AC6800692C30 /* AsyncButton.swift */,
				97FDC7971CD8AC6800692C30 /* AsyncImageView.swift */,
				97FDC7981CD8AC6800692C30 /* AutoTextView.swift */,
				97FDC7991CD8AC6800692C30 /* BlurView.swift */,
				97FDC79A1CD8AC6800692C30 /* DesignableButton.swift */,
				97FDC79B1CD8AC6800692C30 /* DesignableImageView.swift */,
				97FDC79C1CD8AC6800692C30 /* DesignableLabel.swift */,
				97FDC79D1CD8AC6800692C30 /* DesignableTabBarController.swift */,
				97FDC79E1CD8AC6800692C30 /* DesignableTextField.swift */,
				97FDC79F1CD8AC6800692C30 /* DesignableTextView.swift */,
				97FDC7A01CD8AC6800692C30 /* DesignableView.swift */,
				97FDC7A11CD8AC6800692C30 /* ImageLoader.swift */,
				97FDC7A21CD8AC6800692C30 /* Info.plist */,
				97FDC7A31CD8AC6800692C30 /* KeyboardLayoutConstraint.swift */,
				97FDC7A41CD8AC6800692C30 /* LoadingView.swift */,
				97FDC7A51CD8AC6800692C30 /* LoadingView.xib */,
				97FDC7A61CD8AC6800692C30 /* Misc.swift */,
				97FDC7A71CD8AC6800692C30 /* SoundPlayer.swift */,
				97FDC7A81CD8AC6800692C30 /* Spring.h */,
				97FDC7A91CD8AC6800692C30 /* Spring.swift */,
				97FDC7AA1CD8AC6800692C30 /* SpringAnimation.swift */,
				97FDC7AB1CD8AC6800692C30 /* SpringButton.swift */,
				97FDC7AC1CD8AC6800692C30 /* SpringImageView.swift */,
				97FDC7AD1CD8AC6800692C30 /* SpringLabel.swift */,
				97FDC7AE1CD8AC6800692C30 /* SpringTextField.swift */,
				97FDC7AF1CD8AC6800692C30 /* SpringTextView.swift */,
				97FDC7B01CD8AC6800692C30 /* SpringView.swift */,
				97FDC7B11CD8AC6800692C30 /* TransitionManager.swift */,
				97FDC7B21CD8AC6800692C30 /* TransitionZoom.swift */,
				97FDC7B31CD8AC6800692C30 /* UnwindSegue.swift */,
			);
			name = Spring;
			path = "../../Xcode ライブラリ集/Spring-master/Spring";
			sourceTree = "<group>";
		};
		97FDC7D11CD8AC7E00692C30 /* LTMorphingLabel */ = {
			isa = PBXGroup;
			children = (
				97FDC7D21CD8AC7E00692C30 /* Info.plist */,
				97FDC7D31CD8AC7E00692C30 /* LTCharacterLimbo.swift */,
				97FDC7D41CD8AC7E00692C30 /* LTEasing.swift */,
				97FDC7D51CD8AC7E00692C30 /* LTEmitterView.swift */,
				97FDC7D61CD8AC7E00692C30 /* LTMorphingEffect.swift */,
				97FDC7D71CD8AC7E00692C30 /* LTMorphingLabel+Anvil.swift */,
				97FDC7D81CD8AC7E00692C30 /* LTMorphingLabel+Burn.swift */,
				97FDC7D91CD8AC7E00692C30 /* LTMorphingLabel+Evaporate.swift */,
				97FDC7DA1CD8AC7E00692C30 /* LTMorphingLabel+Fall.swift */,
				97FDC7DB1CD8AC7E00692C30 /* LTMorphingLabel+Pixelate.swift */,
				97FDC7DC1CD8AC7E00692C30 /* LTMorphingLabel+Sparkle.swift */,
				97FDC7DD1CD8AC7E00692C30 /* LTMorphingLabel.h */,
				97FDC7DE1CD8AC7E00692C30 /* LTMorphingLabel.swift */,
				97FDC7DF1CD8AC7E00692C30 /* NSString+LTMorphingLabel.swift */,
				97FDC7E01CD8AC7E00692C30 /* Particles */,
			);
			name = LTMorphingLabel;
			path = "../../Xcode ライブラリ集/LTMorphingLabel-master/LTMorphingLabel";
			sourceTree = "<group>";
		};
		97FDC7E01CD8AC7E00692C30 /* Particles */ = {
			isa = PBXGroup;
			children = (
				97FDC7E11CD8AC7E00692C30 /* Fire.png */,
				97FDC7E21CD8AC7E00692C30 /* Fragment.png */,
				97FDC7E31CD8AC7E00692C30 /* Smoke.png */,
				97FDC7E41CD8AC7E00692C30 /* Sparkle.png */,
			);
			path = Particles;
			sourceTree = "<group>";
		};
		97FDC85D1CD8D15900692C30 /* RAMAnimatedTabBarController */ = {
			isa = PBXGroup;
			children = (
				97FDC85E1CD8D15900692C30 /* Animations */,
				97FDC8691CD8D15A00692C30 /* RAMAnimatedTabBarController.swift */,
				97FDC86A1CD8D15A00692C30 /* RAMBadge */,
				97FDC86C1CD8D15A00692C30 /* RAMItemAnimationProtocol.swift */,
			);
			path = RAMAnimatedTabBarController;
			sourceTree = "<group>";
		};
		97FDC85E1CD8D15900692C30 /* Animations */ = {
			isa = PBXGroup;
			children = (
				97FDC85F1CD8D15900692C30 /* BounceAnimation */,
				97FDC8611CD8D15900692C30 /* FrameAnimation */,
				97FDC8631CD8D15900692C30 /* FumeAnimation */,
				97FDC8651CD8D15900692C30 /* RotationAnimation */,
				97FDC8671CD8D15900692C30 /* TransitionAniamtions */,
			);
			path = Animations;
			sourceTree = "<group>";
		};
		97FDC85F1CD8D15900692C30 /* BounceAnimation */ = {
			isa = PBXGroup;
			children = (
				97FDC8601CD8D15900692C30 /* RAMBounceAnimation.swift */,
			);
			path = BounceAnimation;
			sourceTree = "<group>";
		};
		97FDC8611CD8D15900692C30 /* FrameAnimation */ = {
			isa = PBXGroup;
			children = (
				97FDC8621CD8D15900692C30 /* RAMFrameItemAnimation.swift */,
			);
			path = FrameAnimation;
			sourceTree = "<group>";
		};
		97FDC8631CD8D15900692C30 /* FumeAnimation */ = {
			isa = PBXGroup;
			children = (
				97FDC8641CD8D15900692C30 /* RAMFumeAnimation.swift */,
			);
			path = FumeAnimation;
			sourceTree = "<group>";
		};
		97FDC8651CD8D15900692C30 /* RotationAnimation */ = {
			isa = PBXGroup;
			children = (
				97FDC8661CD8D15900692C30 /* RAMRotationAnimation.swift */,
			);
			path = RotationAnimation;
			sourceTree = "<group>";
		};
		97FDC8671CD8D15900692C30 /* TransitionAniamtions */ = {
			isa = PBXGroup;
			children = (
				97FDC8681CD8D15A00692C30 /* RAMTransitionItemAnimations.swift */,
			);
			path = TransitionAniamtions;
			sourceTree = "<group>";
		};
		97FDC86A1CD8D15A00692C30 /* RAMBadge */ = {
			isa = PBXGroup;
			children = (
				97FDC86B1CD8D15A00692C30 /* RAMBadge.swift */,
			);
			path = RAMBadge;
			sourceTree = "<group>";
		};
		BC4E25125C3C13D7416A4FCC /* Frameworks */ = {
			isa = PBXGroup;
			children = (
				817FC4B30B0A003E1CE7B538 /* Pods_MyLifeTime.framework */,
				0DC4A59D09436590FC197979 /* Pods_MyLifeTimeTests.framework */,
				9FEB576117B0ECE29BABFBF2 /* Pods_MyLifeTimeUITests.framework */,
			);
			name = Frameworks;
			sourceTree = "<group>";
		};
		CC8D90F3E6127C56A18CBAF1 /* Pods */ = {
			isa = PBXGroup;
			children = (
				CC7C9FFA757206718E6ED84D /* Pods-MyLifeTime.debug.xcconfig */,
				A6DE4B8B208D5E7F4B97279C /* Pods-MyLifeTime.release.xcconfig */,
				F7CACABC408C626B86378AC6 /* Pods-MyLifeTimeTests.debug.xcconfig */,
				6B40C50E2A2B6662374E855C /* Pods-MyLifeTimeTests.release.xcconfig */,
				C06ECDEA6517FA38FF02C716 /* Pods-MyLifeTimeUITests.debug.xcconfig */,
				8B22080FF8FB9A63CBADCAA5 /* Pods-MyLifeTimeUITests.release.xcconfig */,
			);
			name = Pods;
			sourceTree = "<group>";
		};
/* End PBXGroup section */

/* Begin PBXNativeTarget section */
		97FDC7421CD8A12F00692C30 /* MyLifeTime */ = {
			isa = PBXNativeTarget;
			buildConfigurationList = 97FDC76E1CD8A12F00692C30 /* Build configuration list for PBXNativeTarget "MyLifeTime" */;
			buildPhases = (
				73BF48F87ACA0863349FBEB9 /* Check Pods Manifest.lock */,
				97FDC73F1CD8A12F00692C30 /* Sources */,
				97FDC7401CD8A12F00692C30 /* Frameworks */,
				97FDC7411CD8A12F00692C30 /* Resources */,
				5E5878C724C5DD1FC3A0865A /* Embed Pods Frameworks */,
				7986221F405FD07CFCF152E5 /* Copy Pods Resources */,
			);
			buildRules = (
			);
			dependencies = (
			);
			name = MyLifeTime;
			productName = MyLifeTime;
			productReference = 97FDC7431CD8A12F00692C30 /* MyLifeTime.app */;
			productType = "com.apple.product-type.application";
		};
		97FDC7591CD8A12F00692C30 /* MyLifeTimeTests */ = {
			isa = PBXNativeTarget;
			buildConfigurationList = 97FDC7711CD8A12F00692C30 /* Build configuration list for PBXNativeTarget "MyLifeTimeTests" */;
			buildPhases = (
				72D5CA70FE80338FB69766B2 /* Check Pods Manifest.lock */,
				97FDC7561CD8A12F00692C30 /* Sources */,
				97FDC7571CD8A12F00692C30 /* Frameworks */,
				97FDC7581CD8A12F00692C30 /* Resources */,
				AFBE2344CF712ACE8C16567E /* Embed Pods Frameworks */,
				3078FE448927D0E0BDDB6278 /* Copy Pods Resources */,
			);
			buildRules = (
			);
			dependencies = (
				97FDC75C1CD8A12F00692C30 /* PBXTargetDependency */,
			);
			name = MyLifeTimeTests;
			productName = MyLifeTimeTests;
			productReference = 97FDC75A1CD8A12F00692C30 /* MyLifeTimeTests.xctest */;
			productType = "com.apple.product-type.bundle.unit-test";
		};
		97FDC7641CD8A12F00692C30 /* MyLifeTimeUITests */ = {
			isa = PBXNativeTarget;
			buildConfigurationList = 97FDC7741CD8A12F00692C30 /* Build configuration list for PBXNativeTarget "MyLifeTimeUITests" */;
			buildPhases = (
				F5DDC011410FE18FC6EE0761 /* Check Pods Manifest.lock */,
				97FDC7611CD8A12F00692C30 /* Sources */,
				97FDC7621CD8A12F00692C30 /* Frameworks */,
				97FDC7631CD8A12F00692C30 /* Resources */,
				1883FBA645B54BCC7B8A3EA1 /* Copy Pods Resources */,
			);
			buildRules = (
			);
			dependencies = (
				97FDC7671CD8A12F00692C30 /* PBXTargetDependency */,
			);
			name = MyLifeTimeUITests;
			productName = MyLifeTimeUITests;
			productReference = 97FDC7651CD8A12F00692C30 /* MyLifeTimeUITests.xctest */;
			productType = "com.apple.product-type.bundle.ui-testing";
		};
/* End PBXNativeTarget section */

/* Begin PBXProject section */
		97FDC73B1CD8A12F00692C30 /* Project object */ = {
			isa = PBXProject;
			attributes = {
				LastSwiftUpdateCheck = 0730;
				LastUpgradeCheck = 0730;
				ORGANIZATIONNAME = T_Pond;
				TargetAttributes = {
					97FDC7421CD8A12F00692C30 = {
						CreatedOnToolsVersion = 7.3;
						DevelopmentTeam = 3TYWTMR4K5;
					};
					97FDC7591CD8A12F00692C30 = {
						CreatedOnToolsVersion = 7.3;
						DevelopmentTeam = 3TYWTMR4K5;
						TestTargetID = 97FDC7421CD8A12F00692C30;
					};
					97FDC7641CD8A12F00692C30 = {
						CreatedOnToolsVersion = 7.3;
						DevelopmentTeam = 3TYWTMR4K5;
						TestTargetID = 97FDC7421CD8A12F00692C30;
					};
				};
			};
			buildConfigurationList = 97FDC73E1CD8A12F00692C30 /* Build configuration list for PBXProject "MyLifeTime" */;
			compatibilityVersion = "Xcode 3.2";
			developmentRegion = English;
			hasScannedForEncodings = 0;
			knownRegions = (
				Base,
			);
			mainGroup = 97FDC73A1CD8A12F00692C30;
			productRefGroup = 97FDC7441CD8A12F00692C30 /* Products */;
			projectDirPath = "";
			projectRoot = "";
			targets = (
				97FDC7421CD8A12F00692C30 /* MyLifeTime */,
				97FDC7591CD8A12F00692C30 /* MyLifeTimeTests */,
				97FDC7641CD8A12F00692C30 /* MyLifeTimeUITests */,
			);
		};
/* End PBXProject section */

/* Begin PBXResourcesBuildPhase section */
		97FDC7411CD8A12F00692C30 /* Resources */ = {
			isa = PBXResourcesBuildPhase;
			buildActionMask = 2147483647;
			files = (
				97FDC7901CD8A66600692C30 /* Edit.storyboard in Resources */,
				97FDC7C31CD8AC6800692C30 /* LoadingView.xib in Resources */,
				97FDC7F31CD8AC7E00692C30 /* Fragment.png in Resources */,
				97FDC7E51CD8AC7E00692C30 /* Info.plist in Resources */,
				97FDC7921CD8A67000692C30 /* Mlt.storyboard in Resources */,
				97FDC7F51CD8AC7E00692C30 /* Sparkle.png in Resources */,
				97FDC7541CD8A12F00692C30 /* LaunchScreen.storyboard in Resources */,
				97FDC7511CD8A12F00692C30 /* Assets.xcassets in Resources */,
				97FDC74C1CD8A12F00692C30 /* Main.storyboard in Resources */,
				97FDC7F21CD8AC7E00692C30 /* Fire.png in Resources */,
				97FDC7941CD8A68900692C30 /* Person.storyboard in Resources */,
				97FDC7C01CD8AC6800692C30 /* Info.plist in Resources */,
				97FDC7F41CD8AC7E00692C30 /* Smoke.png in Resources */,
			);
			runOnlyForDeploymentPostprocessing = 0;
		};
		97FDC7581CD8A12F00692C30 /* Resources */ = {
			isa = PBXResourcesBuildPhase;
			buildActionMask = 2147483647;
			files = (
			);
			runOnlyForDeploymentPostprocessing = 0;
		};
		97FDC7631CD8A12F00692C30 /* Resources */ = {
			isa = PBXResourcesBuildPhase;
			buildActionMask = 2147483647;
			files = (
			);
			runOnlyForDeploymentPostprocessing = 0;
		};
/* End PBXResourcesBuildPhase section */

/* Begin PBXShellScriptBuildPhase section */
		1883FBA645B54BCC7B8A3EA1 /* Copy Pods Resources */ = {
			isa = PBXShellScriptBuildPhase;
			buildActionMask = 2147483647;
			files = (
			);
			inputPaths = (
			);
			name = "Copy Pods Resources";
			outputPaths = (
			);
			runOnlyForDeploymentPostprocessing = 0;
			shellPath = /bin/sh;
			shellScript = "\"${SRCROOT}/Pods/Target Support Files/Pods-MyLifeTimeUITests/Pods-MyLifeTimeUITests-resources.sh\"\n";
			showEnvVarsInLog = 0;
		};
		3078FE448927D0E0BDDB6278 /* Copy Pods Resources */ = {
			isa = PBXShellScriptBuildPhase;
			buildActionMask = 2147483647;
			files = (
			);
			inputPaths = (
			);
			name = "Copy Pods Resources";
			outputPaths = (
			);
			runOnlyForDeploymentPostprocessing = 0;
			shellPath = /bin/sh;
			shellScript = "\"${SRCROOT}/Pods/Target Support Files/Pods-MyLifeTimeTests/Pods-MyLifeTimeTests-resources.sh\"\n";
			showEnvVarsInLog = 0;
		};
		5E5878C724C5DD1FC3A0865A /* Embed Pods Frameworks */ = {
			isa = PBXShellScriptBuildPhase;
			buildActionMask = 2147483647;
			files = (
			);
			inputPaths = (
			);
			name = "Embed Pods Frameworks";
			outputPaths = (
			);
			runOnlyForDeploymentPostprocessing = 0;
			shellPath = /bin/sh;
			shellScript = "\"${SRCROOT}/Pods/Target Support Files/Pods-MyLifeTime/Pods-MyLifeTime-frameworks.sh\"\n";
			showEnvVarsInLog = 0;
		};
		72D5CA70FE80338FB69766B2 /* Check Pods Manifest.lock */ = {
			isa = PBXShellScriptBuildPhase;
			buildActionMask = 2147483647;
			files = (
			);
			inputPaths = (
			);
			name = "Check Pods Manifest.lock";
			outputPaths = (
			);
			runOnlyForDeploymentPostprocessing = 0;
			shellPath = /bin/sh;
			shellScript = "diff \"${PODS_ROOT}/../Podfile.lock\" \"${PODS_ROOT}/Manifest.lock\" > /dev/null\nif [[ $? != 0 ]] ; then\n    cat << EOM\nerror: The sandbox is not in sync with the Podfile.lock. Run 'pod install' or update your CocoaPods installation.\nEOM\n    exit 1\nfi\n";
			showEnvVarsInLog = 0;
		};
		73BF48F87ACA0863349FBEB9 /* Check Pods Manifest.lock */ = {
			isa = PBXShellScriptBuildPhase;
			buildActionMask = 2147483647;
			files = (
			);
			inputPaths = (
			);
			name = "Check Pods Manifest.lock";
			outputPaths = (
			);
			runOnlyForDeploymentPostprocessing = 0;
			shellPath = /bin/sh;
			shellScript = "diff \"${PODS_ROOT}/../Podfile.lock\" \"${PODS_ROOT}/Manifest.lock\" > /dev/null\nif [[ $? != 0 ]] ; then\n    cat << EOM\nerror: The sandbox is not in sync with the Podfile.lock. Run 'pod install' or update your CocoaPods installation.\nEOM\n    exit 1\nfi\n";
			showEnvVarsInLog = 0;
		};
		7986221F405FD07CFCF152E5 /* Copy Pods Resources */ = {
			isa = PBXShellScriptBuildPhase;
			buildActionMask = 2147483647;
			files = (
			);
			inputPaths = (
			);
			name = "Copy Pods Resources";
			outputPaths = (
			);
			runOnlyForDeploymentPostprocessing = 0;
			shellPath = /bin/sh;
			shellScript = "\"${SRCROOT}/Pods/Target Support Files/Pods-MyLifeTime/Pods-MyLifeTime-resources.sh\"\n";
			showEnvVarsInLog = 0;
		};
		AFBE2344CF712ACE8C16567E /* Embed Pods Frameworks */ = {
			isa = PBXShellScriptBuildPhase;
			buildActionMask = 2147483647;
			files = (
			);
			inputPaths = (
			);
			name = "Embed Pods Frameworks";
			outputPaths = (
			);
			runOnlyForDeploymentPostprocessing = 0;
			shellPath = /bin/sh;
			shellScript = "\"${SRCROOT}/Pods/Target Support Files/Pods-MyLifeTimeTests/Pods-MyLifeTimeTests-frameworks.sh\"\n";
			showEnvVarsInLog = 0;
		};
		F5DDC011410FE18FC6EE0761 /* Check Pods Manifest.lock */ = {
			isa = PBXShellScriptBuildPhase;
			buildActionMask = 2147483647;
			files = (
			);
			inputPaths = (
			);
			name = "Check Pods Manifest.lock";
			outputPaths = (
			);
			runOnlyForDeploymentPostprocessing = 0;
			shellPath = /bin/sh;
			shellScript = "diff \"${PODS_ROOT}/../Podfile.lock\" \"${PODS_ROOT}/Manifest.lock\" > /dev/null\nif [[ $? != 0 ]] ; then\n    cat << EOM\nerror: The sandbox is not in sync with the Podfile.lock. Run 'pod install' or update your CocoaPods installation.\nEOM\n    exit 1\nfi\n";
			showEnvVarsInLog = 0;
		};
/* End PBXShellScriptBuildPhase section */

/* Begin PBXSourcesBuildPhase section */
		97FDC73F1CD8A12F00692C30 /* Sources */ = {
			isa = PBXSourcesBuildPhase;
			buildActionMask = 2147483647;
			files = (
				97FDC86F1CD8D15A00692C30 /* RAMFumeAnimation.swift in Sources */,
				97FDC7831CD8A4EB00692C30 /* CreateViewController.swift in Sources */,
				97FDC7C61CD8AC6800692C30 /* Spring.swift in Sources */,
				97FDC7491CD8A12F00692C30 /* BaseViewController.swift in Sources */,
				97FDC7BF1CD8AC6800692C30 /* ImageLoader.swift in Sources */,
				97FDC7E71CD8AC7E00692C30 /* LTEasing.swift in Sources */,
				97FDC7C21CD8AC6800692C30 /* LoadingView.swift in Sources */,
				97FDC7F01CD8AC7E00692C30 /* LTMorphingLabel.swift in Sources */,
				97FDC7C81CD8AC6800692C30 /* SpringButton.swift in Sources */,
				97FDC7BB1CD8AC6800692C30 /* DesignableTabBarController.swift in Sources */,
				97FDC7CA1CD8AC6800692C30 /* SpringLabel.swift in Sources */,
				97FDC7BD1CD8AC6800692C30 /* DesignableTextView.swift in Sources */,
				97FDC7CF1CD8AC6800692C30 /* TransitionZoom.swift in Sources */,
				97FDC7E91CD8AC7E00692C30 /* LTMorphingEffect.swift in Sources */,
				97FDC7EE1CD8AC7E00692C30 /* LTMorphingLabel+Pixelate.swift in Sources */,
				97FDC7861CD8A53400692C30 /* MltViewController.swift in Sources */,
				97FDC86D1CD8D15A00692C30 /* RAMBounceAnimation.swift in Sources */,
				97FDC7C91CD8AC6800692C30 /* SpringImageView.swift in Sources */,
				97FDC7EB1CD8AC7E00692C30 /* LTMorphingLabel+Burn.swift in Sources */,
				97FDC7B51CD8AC6800692C30 /* AsyncImageView.swift in Sources */,
				97FDC7ED1CD8AC7E00692C30 /* LTMorphingLabel+Fall.swift in Sources */,
				97FDC7EF1CD8AC7E00692C30 /* LTMorphingLabel+Sparkle.swift in Sources */,
				97FDC7CB1CD8AC6800692C30 /* SpringTextField.swift in Sources */,
				97FDC8701CD8D15A00692C30 /* RAMRotationAnimation.swift in Sources */,
				97FDC7BC1CD8AC6800692C30 /* DesignableTextField.swift in Sources */,
				97FDC7BE1CD8AC6800692C30 /* DesignableView.swift in Sources */,
				97FDC7C51CD8AC6800692C30 /* SoundPlayer.swift in Sources */,
				97FDC86E1CD8D15A00692C30 /* RAMFrameItemAnimation.swift in Sources */,
				97FDC7E61CD8AC7E00692C30 /* LTCharacterLimbo.swift in Sources */,
				97FDC74F1CD8A12F00692C30 /* MyLifeTime.xcdatamodeld in Sources */,
				97FDC7F11CD8AC7E00692C30 /* NSString+LTMorphingLabel.swift in Sources */,
				97FDC7B71CD8AC6800692C30 /* BlurView.swift in Sources */,
				97FDC7C11CD8AC6800692C30 /* KeyboardLayoutConstraint.swift in Sources */,
				97FDC7C71CD8AC6800692C30 /* SpringAnimation.swift in Sources */,
				97FDC7C41CD8AC6800692C30 /* Misc.swift in Sources */,
				97FDC7CE1CD8AC6800692C30 /* TransitionManager.swift in Sources */,
				97FDC7B91CD8AC6800692C30 /* DesignableImageView.swift in Sources */,
				97FDC7471CD8A12F00692C30 /* AppDelegate.swift in Sources */,
				97FDC8721CD8D15A00692C30 /* RAMAnimatedTabBarController.swift in Sources */,
				97FDC7B41CD8AC6800692C30 /* AsyncButton.swift in Sources */,
				97FDC8731CD8D15A00692C30 /* RAMBadge.swift in Sources */,
				97FDC7D01CD8AC6800692C30 /* UnwindSegue.swift in Sources */,
				97FDC7801CD8A45F00692C30 /* ShowViewContorller.swift in Sources */,
				97FDC7CD1CD8AC6800692C30 /* SpringView.swift in Sources */,
				97FDC8741CD8D15A00692C30 /* RAMItemAnimationProtocol.swift in Sources */,
				97FDC7E81CD8AC7E00692C30 /* LTEmitterView.swift in Sources */,
				97FDC8711CD8D15A00692C30 /* RAMTransitionItemAnimations.swift in Sources */,
				97FDC7EC1CD8AC7E00692C30 /* LTMorphingLabel+Evaporate.swift in Sources */,
				97FDC7BA1CD8AC6800692C30 /* DesignableLabel.swift in Sources */,
				97FDC7B61CD8AC6800692C30 /* AutoTextView.swift in Sources */,
				97FDC7CC1CD8AC6800692C30 /* SpringTextView.swift in Sources */,
				97FDC7B81CD8AC6800692C30 /* DesignableButton.swift in Sources */,
				97FDC78E1CD8A61800692C30 /* Person.swift in Sources */,
				97FDC7891CD8A59700692C30 /* EditViewController.swift in Sources */,
				97FDC7EA1CD8AC7E00692C30 /* LTMorphingLabel+Anvil.swift in Sources */,
			);
			runOnlyForDeploymentPostprocessing = 0;
		};
		97FDC7561CD8A12F00692C30 /* Sources */ = {
			isa = PBXSourcesBuildPhase;
			buildActionMask = 2147483647;
			files = (
				97FDC75F1CD8A12F00692C30 /* MyLifeTimeTests.swift in Sources */,
			);
			runOnlyForDeploymentPostprocessing = 0;
		};
		97FDC7611CD8A12F00692C30 /* Sources */ = {
			isa = PBXSourcesBuildPhase;
			buildActionMask = 2147483647;
			files = (
				97FDC76A1CD8A12F00692C30 /* MyLifeTimeUITests.swift in Sources */,
			);
			runOnlyForDeploymentPostprocessing = 0;
		};
/* End PBXSourcesBuildPhase section */

/* Begin PBXTargetDependency section */
		97FDC75C1CD8A12F00692C30 /* PBXTargetDependency */ = {
			isa = PBXTargetDependency;
			target = 97FDC7421CD8A12F00692C30 /* MyLifeTime */;
			targetProxy = 97FDC75B1CD8A12F00692C30 /* PBXContainerItemProxy */;
		};
		97FDC7671CD8A12F00692C30 /* PBXTargetDependency */ = {
			isa = PBXTargetDependency;
			target = 97FDC7421CD8A12F00692C30 /* MyLifeTime */;
			targetProxy = 97FDC7661CD8A12F00692C30 /* PBXContainerItemProxy */;
		};
/* End PBXTargetDependency section */

/* Begin PBXVariantGroup section */
		97FDC74A1CD8A12F00692C30 /* Main.storyboard */ = {
			isa = PBXVariantGroup;
			children = (
				97FDC74B1CD8A12F00692C30 /* Base */,
			);
			name = Main.storyboard;
			path = .;
			sourceTree = "<group>";
		};
		97FDC7521CD8A12F00692C30 /* LaunchScreen.storyboard */ = {
			isa = PBXVariantGroup;
			children = (
				97FDC7531CD8A12F00692C30 /* Base */,
			);
			name = LaunchScreen.storyboard;
			path = .;
			sourceTree = "<group>";
		};
/* End PBXVariantGroup section */

/* Begin XCBuildConfiguration section */
		97FDC76C1CD8A12F00692C30 /* Debug */ = {
			isa = XCBuildConfiguration;
			buildSettings = {
				ALWAYS_SEARCH_USER_PATHS = NO;
				CLANG_ANALYZER_NONNULL = YES;
				CLANG_CXX_LANGUAGE_STANDARD = "gnu++0x";
				CLANG_CXX_LIBRARY = "libc++";
				CLANG_ENABLE_MODULES = YES;
				CLANG_ENABLE_OBJC_ARC = YES;
				CLANG_WARN_BOOL_CONVERSION = YES;
				CLANG_WARN_CONSTANT_CONVERSION = YES;
				CLANG_WARN_DIRECT_OBJC_ISA_USAGE = YES_ERROR;
				CLANG_WARN_EMPTY_BODY = YES;
				CLANG_WARN_ENUM_CONVERSION = YES;
				CLANG_WARN_INT_CONVERSION = YES;
				CLANG_WARN_OBJC_ROOT_CLASS = YES_ERROR;
				CLANG_WARN_UNREACHABLE_CODE = YES;
				CLANG_WARN__DUPLICATE_METHOD_MATCH = YES;
				"CODE_SIGN_IDENTITY[sdk=iphoneos*]" = "iPhone Developer";
				COPY_PHASE_STRIP = NO;
				DEBUG_INFORMATION_FORMAT = dwarf;
				ENABLE_STRICT_OBJC_MSGSEND = YES;
				ENABLE_TESTABILITY = YES;
				GCC_C_LANGUAGE_STANDARD = gnu99;
				GCC_DYNAMIC_NO_PIC = NO;
				GCC_NO_COMMON_BLOCKS = YES;
				GCC_OPTIMIZATION_LEVEL = 0;
				GCC_PREPROCESSOR_DEFINITIONS = (
					"DEBUG=1",
					"$(inherited)",
				);
				GCC_WARN_64_TO_32_BIT_CONVERSION = YES;
				GCC_WARN_ABOUT_RETURN_TYPE = YES_ERROR;
				GCC_WARN_UNDECLARED_SELECTOR = YES;
				GCC_WARN_UNINITIALIZED_AUTOS = YES_AGGRESSIVE;
				GCC_WARN_UNUSED_FUNCTION = YES;
				GCC_WARN_UNUSED_VARIABLE = YES;
				IPHONEOS_DEPLOYMENT_TARGET = 9.3;
				MTL_ENABLE_DEBUG_INFO = YES;
				ONLY_ACTIVE_ARCH = YES;
				SDKROOT = iphoneos;
				SWIFT_OPTIMIZATION_LEVEL = "-Onone";
			};
			name = Debug;
		};
		97FDC76D1CD8A12F00692C30 /* Release */ = {
			isa = XCBuildConfiguration;
			buildSettings = {
				ALWAYS_SEARCH_USER_PATHS = NO;
				CLANG_ANALYZER_NONNULL = YES;
				CLANG_CXX_LANGUAGE_STANDARD = "gnu++0x";
				CLANG_CXX_LIBRARY = "libc++";
				CLANG_ENABLE_MODULES = YES;
				CLANG_ENABLE_OBJC_ARC = YES;
				CLANG_WARN_BOOL_CONVERSION = YES;
				CLANG_WARN_CONSTANT_CONVERSION = YES;
				CLANG_WARN_DIRECT_OBJC_ISA_USAGE = YES_ERROR;
				CLANG_WARN_EMPTY_BODY = YES;
				CLANG_WARN_ENUM_CONVERSION = YES;
				CLANG_WARN_INT_CONVERSION = YES;
				CLANG_WARN_OBJC_ROOT_CLASS = YES_ERROR;
				CLANG_WARN_UNREACHABLE_CODE = YES;
				CLANG_WARN__DUPLICATE_METHOD_MATCH = YES;
				"CODE_SIGN_IDENTITY[sdk=iphoneos*]" = "iPhone Developer";
				COPY_PHASE_STRIP = NO;
				DEBUG_INFORMATION_FORMAT = "dwarf-with-dsym";
				ENABLE_NS_ASSERTIONS = NO;
				ENABLE_STRICT_OBJC_MSGSEND = YES;
				GCC_C_LANGUAGE_STANDARD = gnu99;
				GCC_NO_COMMON_BLOCKS = YES;
				GCC_WARN_64_TO_32_BIT_CONVERSION = YES;
				GCC_WARN_ABOUT_RETURN_TYPE = YES_ERROR;
				GCC_WARN_UNDECLARED_SELECTOR = YES;
				GCC_WARN_UNINITIALIZED_AUTOS = YES_AGGRESSIVE;
				GCC_WARN_UNUSED_FUNCTION = YES;
				GCC_WARN_UNUSED_VARIABLE = YES;
				IPHONEOS_DEPLOYMENT_TARGET = 9.3;
				MTL_ENABLE_DEBUG_INFO = NO;
				SDKROOT = iphoneos;
				VALIDATE_PRODUCT = YES;
			};
			name = Release;
		};
		97FDC76F1CD8A12F00692C30 /* Debug */ = {
			isa = XCBuildConfiguration;
			baseConfigurationReference = CC7C9FFA757206718E6ED84D /* Pods-MyLifeTime.debug.xcconfig */;
			buildSettings = {
				ASSETCATALOG_COMPILER_APPICON_NAME = AppIcon;
				INFOPLIST_FILE = MyLifeTime/Info.plist;
				LD_RUNPATH_SEARCH_PATHS = "$(inherited) @executable_path/Frameworks";
				PRODUCT_BUNDLE_IDENTIFIER = com.Pond.MyLifeTime;
				PRODUCT_NAME = "$(TARGET_NAME)";
			};
			name = Debug;
		};
		97FDC7701CD8A12F00692C30 /* Release */ = {
			isa = XCBuildConfiguration;
			baseConfigurationReference = A6DE4B8B208D5E7F4B97279C /* Pods-MyLifeTime.release.xcconfig */;
			buildSettings = {
				ASSETCATALOG_COMPILER_APPICON_NAME = AppIcon;
				INFOPLIST_FILE = MyLifeTime/Info.plist;
				LD_RUNPATH_SEARCH_PATHS = "$(inherited) @executable_path/Frameworks";
				PRODUCT_BUNDLE_IDENTIFIER = com.Pond.MyLifeTime;
				PRODUCT_NAME = "$(TARGET_NAME)";
			};
			name = Release;
		};
		97FDC7721CD8A12F00692C30 /* Debug */ = {
			isa = XCBuildConfiguration;
			baseConfigurationReference = F7CACABC408C626B86378AC6 /* Pods-MyLifeTimeTests.debug.xcconfig */;
			buildSettings = {
				BUNDLE_LOADER = "$(TEST_HOST)";
				INFOPLIST_FILE = MyLifeTimeTests/Info.plist;
				LD_RUNPATH_SEARCH_PATHS = "$(inherited) @executable_path/Frameworks @loader_path/Frameworks";
				PRODUCT_BUNDLE_IDENTIFIER = com.Pond.MyLifeTimeTests;
				PRODUCT_NAME = "$(TARGET_NAME)";
				TEST_HOST = "$(BUILT_PRODUCTS_DIR)/MyLifeTime.app/MyLifeTime";
			};
			name = Debug;
		};
		97FDC7731CD8A12F00692C30 /* Release */ = {
			isa = XCBuildConfiguration;
			baseConfigurationReference = 6B40C50E2A2B6662374E855C /* Pods-MyLifeTimeTests.release.xcconfig */;
			buildSettings = {
				BUNDLE_LOADER = "$(TEST_HOST)";
				INFOPLIST_FILE = MyLifeTimeTests/Info.plist;
				LD_RUNPATH_SEARCH_PATHS = "$(inherited) @executable_path/Frameworks @loader_path/Frameworks";
				PRODUCT_BUNDLE_IDENTIFIER = com.Pond.MyLifeTimeTests;
				PRODUCT_NAME = "$(TARGET_NAME)";
				TEST_HOST = "$(BUILT_PRODUCTS_DIR)/MyLifeTime.app/MyLifeTime";
			};
			name = Release;
		};
		97FDC7751CD8A12F00692C30 /* Debug */ = {
			isa = XCBuildConfiguration;
			baseConfigurationReference = C06ECDEA6517FA38FF02C716 /* Pods-MyLifeTimeUITests.debug.xcconfig */;
			buildSettings = {
				INFOPLIST_FILE = MyLifeTimeUITests/Info.plist;
				LD_RUNPATH_SEARCH_PATHS = "$(inherited) @executable_path/Frameworks @loader_path/Frameworks";
				PRODUCT_BUNDLE_IDENTIFIER = com.Pond.MyLifeTimeUITests;
				PRODUCT_NAME = "$(TARGET_NAME)";
				TEST_TARGET_NAME = MyLifeTime;
			};
			name = Debug;
		};
		97FDC7761CD8A12F00692C30 /* Release */ = {
			isa = XCBuildConfiguration;
			baseConfigurationReference = 8B22080FF8FB9A63CBADCAA5 /* Pods-MyLifeTimeUITests.release.xcconfig */;
			buildSettings = {
				INFOPLIST_FILE = MyLifeTimeUITests/Info.plist;
				LD_RUNPATH_SEARCH_PATHS = "$(inherited) @executable_path/Frameworks @loader_path/Frameworks";
				PRODUCT_BUNDLE_IDENTIFIER = com.Pond.MyLifeTimeUITests;
				PRODUCT_NAME = "$(TARGET_NAME)";
				TEST_TARGET_NAME = MyLifeTime;
			};
			name = Release;
		};
/* End XCBuildConfiguration section */

/* Begin XCConfigurationList section */
		97FDC73E1CD8A12F00692C30 /* Build configuration list for PBXProject "MyLifeTime" */ = {
			isa = XCConfigurationList;
			buildConfigurations = (
				97FDC76C1CD8A12F00692C30 /* Debug */,
				97FDC76D1CD8A12F00692C30 /* Release */,
			);
			defaultConfigurationIsVisible = 0;
			defaultConfigurationName = Release;
		};
		97FDC76E1CD8A12F00692C30 /* Build configuration list for PBXNativeTarget "MyLifeTime" */ = {
			isa = XCConfigurationList;
			buildConfigurations = (
				97FDC76F1CD8A12F00692C30 /* Debug */,
				97FDC7701CD8A12F00692C30 /* Release */,
			);
			defaultConfigurationIsVisible = 0;
			defaultConfigurationName = Release;
		};
		97FDC7711CD8A12F00692C30 /* Build configuration list for PBXNativeTarget "MyLifeTimeTests" */ = {
			isa = XCConfigurationList;
			buildConfigurations = (
				97FDC7721CD8A12F00692C30 /* Debug */,
				97FDC7731CD8A12F00692C30 /* Release */,
			);
			defaultConfigurationIsVisible = 0;
			defaultConfigurationName = Release;
		};
		97FDC7741CD8A12F00692C30 /* Build configuration list for PBXNativeTarget "MyLifeTimeUITests" */ = {
			isa = XCConfigurationList;
			buildConfigurations = (
				97FDC7751CD8A12F00692C30 /* Debug */,
				97FDC7761CD8A12F00692C30 /* Release */,
			);
			defaultConfigurationIsVisible = 0;
			defaultConfigurationName = Release;
		};
/* End XCConfigurationList section */

/* Begin XCVersionGroup section */
		97FDC74D1CD8A12F00692C30 /* MyLifeTime.xcdatamodeld */ = {
			isa = XCVersionGroup;
			children = (
				97FDC74E1CD8A12F00692C30 /* MyLifeTime.xcdatamodel */,
			);
			currentVersion = 97FDC74E1CD8A12F00692C30 /* MyLifeTime.xcdatamodel */;
			path = MyLifeTime.xcdatamodeld;
			sourceTree = "<group>";
			versionGroupType = wrapper.xcdatamodel;
		};
/* End XCVersionGroup section */
	};
	rootObject = 97FDC73B1CD8A12F00692C30 /* Project object */;
}
